
Microsoft Visual Studio Solution File, Format Version 12.00
# Visual Studio Version 16
VisualStudioVersion = 16.0.31129.286
MinimumVisualStudioVersion = 10.0.40219.1
Project("{FAE04EC0-301F-11D3-BF4B-00C04F79EFBC}") = "FileSaverService", "FileSaverService\FileSaverService.csproj", "{A0A71C1F-60D2-402E-AB14-90AA3054EED7}"
EndProject
Project("{FAE04EC0-301F-11D3-BF4B-00C04F79EFBC}") = "FileSaverInterface", "FileSaverInterface\FileSaverInterface.csproj", "{32C3E542-ED4D-4F38-9D9A-8A14E903F284}"
EndProject
Global
	GlobalSection(SolutionConfigurationPlatforms) = preSolution
		Debug|Any CPU = Debug|Any CPU
		Release|Any CPU = Release|Any CPU
	EndGlobalSection
	GlobalSection(ProjectConfigurationPlatforms) = postSolution
		{A0A71C1F-60D2-402E-AB14-90AA3054EED7}.Debug|Any CPU.ActiveCfg = Debug|Any CPU
		{A0A71C1F-60D2-402E-AB14-90AA3054EED7}.Debug|Any CPU.Build.0 = Debug|Any CPU
		{A0A71C1F-60D2-402E-AB14-90AA3054EED7}.Release|Any CPU.ActiveCfg = Release|Any CPU
		{A0A71C1F-60D2-402E-AB14-90AA3054EED7}.Release|Any CPU.Build.0 = Release|Any CPU
		{32C3E542-ED4D-4F38-9D9A-8A14E903F284}.Debug|Any CPU.ActiveCfg = Debug|Any CPU
		{32C3E542-ED4D-4F38-9D9A-8A14E903F284}.Debug|Any CPU.Build.0 = Debug|Any CPU
		{32C3E542-ED4D-4F38-9D9A-8A14E903F284}.Release|Any CPU.ActiveCfg = Release|Any CPU
		{32C3E542-ED4D-4F38-9D9A-8A14E903F284}.Release|Any CPU.Build.0 = Release|Any CPU
	EndGlobalSection
	GlobalSection(SolutionProperties) = preSolution
		HideSolutionNode = FALSE
	EndGlobalSection
	GlobalSection(ExtensibilityGlobals) = postSolution
		SolutionGuid = {1CDE8251-66C8-40ED-A579-BC48CCD22850}
	EndGlobalSection
EndGlobal
